// !$*UTF8*$!
{
	archiveVersion = 1;
	classes = {
	};
	objectVersion = 46;
	objects = {

/* Begin PBXBuildFile section */
		6495DACE2784FA25003509D7 /* P01.cpp in Sources */ = {isa = PBXBuildFile; fileRef = BAFEC0A71D8A967100A7C995 /* P01.cpp */; };
/* End PBXBuildFile section */

/* Begin PBXFileReference section */
		BAFEC08B1D8998F400A7C995 /* CodeExamples */ = {isa = PBXFileReference; explicitFileType = "compiled.mach-o.executable"; includeInIndex = 0; path = CodeExamples; sourceTree = BUILT_PRODUCTS_DIR; };
		BAFEC08E1D8998F400A7C995 /* T01.cpp */ = {isa = PBXFileReference; lastKnownFileType = sourcecode.cpp.cpp; path = T01.cpp; sourceTree = "<group>"; };
		BAFEC0951D899C1400A7C995 /* colors.h */ = {isa = PBXFileReference; lastKnownFileType = sourcecode.c.h; name = colors.h; path = CodeExamples/colors.h; sourceTree = "<group>"; };
		BAFEC0A11D89A17700A7C995 /* T02.cpp */ = {isa = PBXFileReference; fileEncoding = 4; lastKnownFileType = sourcecode.cpp.cpp; path = T02.cpp; sourceTree = "<group>"; };
		BAFEC0A31D89F12200A7C995 /* T03.cpp */ = {isa = PBXFileReference; fileEncoding = 4; lastKnownFileType = sourcecode.cpp.cpp; path = T03.cpp; sourceTree = "<group>"; };
		BAFEC0A51D89F1FE00A7C995 /* T04.cpp */ = {isa = PBXFileReference; fileEncoding = 4; lastKnownFileType = sourcecode.cpp.cpp; path = T04.cpp; sourceTree = "<group>"; };
		BAFEC0A71D8A967100A7C995 /* P01.cpp */ = {isa = PBXFileReference; fileEncoding = 4; lastKnownFileType = sourcecode.cpp.cpp; path = P01.cpp; sourceTree = "<group>"; };
		BAFEC0AC1D8AB77300A7C995 /* T05.cpp */ = {isa = PBXFileReference; fileEncoding = 4; lastKnownFileType = sourcecode.cpp.cpp; path = T05.cpp; sourceTree = "<group>"; };
		BAFEC0AE1D8AD5A800A7C995 /* T06.cpp */ = {isa = PBXFileReference; fileEncoding = 4; lastKnownFileType = sourcecode.cpp.cpp; path = T06.cpp; sourceTree = "<group>"; };
/* End PBXFileReference section */

/* Begin PBXFrameworksBuildPhase section */
		BAFEC0881D8998F400A7C995 /* Frameworks */ = {
			isa = PBXFrameworksBuildPhase;
			buildActionMask = 2147483647;
			files = (
			);
			runOnlyForDeploymentPostprocessing = 0;
		};
/* End PBXFrameworksBuildPhase section */

/* Begin PBXGroup section */
		BAFEC0821D8998F400A7C995 = {
			isa = PBXGroup;
			children = (
				BAFEC0951D899C1400A7C995 /* colors.h */,
				BAFEC08D1D8998F400A7C995 /* CodeExamples */,
				BAFEC08C1D8998F400A7C995 /* Products */,
			);
			sourceTree = "<group>";
		};
		BAFEC08C1D8998F400A7C995 /* Products */ = {
			isa = PBXGroup;
			children = (
				BAFEC08B1D8998F400A7C995 /* CodeExamples */,
			);
			name = Products;
			sourceTree = "<group>";
		};
		BAFEC08D1D8998F400A7C995 /* CodeExamples */ = {
			isa = PBXGroup;
			children = (
				BAFEC0A71D8A967100A7C995 /* P01.cpp */,
				BAFEC08E1D8998F400A7C995 /* T01.cpp */,
				BAFEC0A11D89A17700A7C995 /* T02.cpp */,
				BAFEC0A31D89F12200A7C995 /* T03.cpp */,
				BAFEC0A51D89F1FE00A7C995 /* T04.cpp */,
				BAFEC0AC1D8AB77300A7C995 /* T05.cpp */,
				BAFEC0AE1D8AD5A800A7C995 /* T06.cpp */,
			);
			path = CodeExamples;
			sourceTree = "<group>";
		};
/* End PBXGroup section */

/* Begin PBXNativeTarget section */
		BAFEC08A1D8998F400A7C995 /* CodeExamples */ = {
			isa = PBXNativeTarget;
			buildConfigurationList = BAFEC0921D8998F400A7C995 /* Build configuration list for PBXNativeTarget "CodeExamples" */;
			buildPhases = (
				BAFEC0871D8998F400A7C995 /* Sources */,
				BAFEC0881D8998F400A7C995 /* Frameworks */,
			);
			buildRules = (
			);
			dependencies = (
			);
			name = CodeExamples;
			productName = CodeExamples;
			productReference = BAFEC08B1D8998F400A7C995 /* CodeExamples */;
			productType = "com.apple.product-type.tool";
		};
/* End PBXNativeTarget section */

/* Begin PBXProject section */
		BAFEC0831D8998F400A7C995 /* Project object */ = {
			isa = PBXProject;
			attributes = {
				LastUpgradeCheck = 0800;
				ORGANIZATIONNAME = "Lukasz Stocki";
				TargetAttributes = {
					BAFEC08A1D8998F400A7C995 = {
						CreatedOnToolsVersion = 8.0;
						ProvisioningStyle = Automatic;
					};
				};
			};
			buildConfigurationList = BAFEC0861D8998F400A7C995 /* Build configuration list for PBXProject "CodeExamples" */;
			compatibilityVersion = "Xcode 3.2";
			developmentRegion = English;
			hasScannedForEncodings = 0;
			knownRegions = (
				English,
				en,
			);
			mainGroup = BAFEC0821D8998F400A7C995;
			productRefGroup = BAFEC08C1D8998F400A7C995 /* Products */;
			projectDirPath = "";
			projectRoot = "";
			targets = (
				BAFEC08A1D8998F400A7C995 /* CodeExamples */,
			);
		};
/* End PBXProject section */

/* Begin PBXSourcesBuildPhase section */
		BAFEC0871D8998F400A7C995 /* Sources */ = {
			isa = PBXSourcesBuildPhase;
			buildActionMask = 2147483647;
			files = (
				6495DACE2784FA25003509D7 /* P01.cpp in Sources */,
			);
			runOnlyForDeploymentPostprocessing = 0;
		};
/* End PBXSourcesBuildPhase section */

/* Begin XCBuildConfiguration section */
		BAFEC0901D8998F400A7C995 /* Debug */ = {
			isa = XCBuildConfiguration;
			buildSettings = {
				ALWAYS_SEARCH_USER_PATHS = NO;
				CLANG_ANALYZER_NONNULL = YES;
				CLANG_CXX_LANGUAGE_STANDARD = "gnu++0x";
				CLANG_CXX_LIBRARY = "libc++";
				CLANG_ENABLE_MODULES = YES;
				CLANG_ENABLE_OBJC_ARC = YES;
				CLANG_WARN_BOOL_CONVERSION = YES;
				CLANG_WARN_CONSTANT_CONVERSION = YES;
				CLANG_WARN_DIRECT_OBJC_ISA_USAGE = YES_ERROR;
				CLANG_WARN_DOCUMENTATION_COMMENTS = YES;
				CLANG_WARN_EMPTY_BODY = YES;
				CLANG_WARN_ENUM_CONVERSION = YES;
				CLANG_WARN_INFINITE_RECURSION = YES;
				CLANG_WARN_INT_CONVERSION = YES;
				CLANG_WARN_OBJC_ROOT_CLASS = YES_ERROR;
				CLANG_WARN_SUSPICIOUS_MOVES = YES;
				CLANG_WARN_UNREACHABLE_CODE = YES;
				CLANG_WARN__DUPLICATE_METHOD_MATCH = YES;
				CODE_SIGN_IDENTITY = "-";
				COPY_PHASE_STRIP = NO;
				DEBUG_INFORMATION_FORMAT = dwarf;
				ENABLE_STRICT_OBJC_MSGSEND = YES;
				ENABLE_TESTABILITY = YES;
				GCC_C_LANGUAGE_STANDARD = gnu99;
				GCC_DYNAMIC_NO_PIC = NO;
				GCC_NO_COMMON_BLOCKS = YES;
				GCC_OPTIMIZATION_LEVEL = 0;
				GCC_PREPROCESSOR_DEFINITIONS = (
					"DEBUG=1",
					"$(inherited)",
				);
				GCC_WARN_64_TO_32_BIT_CONVERSION = YES;
				GCC_WARN_ABOUT_RETURN_TYPE = YES_ERROR;
				GCC_WARN_UNDECLARED_SELECTOR = YES;
				GCC_WARN_UNINITIALIZED_AUTOS = YES_AGGRESSIVE;
				GCC_WARN_UNUSED_FUNCTION = YES;
				GCC_WARN_UNUSED_VARIABLE = YES;
				MACOSX_DEPLOYMENT_TARGET = 10.11;
				MTL_ENABLE_DEBUG_INFO = YES;
				ONLY_ACTIVE_ARCH = YES;
				SDKROOT = macosx;
			};
			name = Debug;
		};
		BAFEC0911D8998F400A7C995 /* Release */ = {
			isa = XCBuildConfiguration;
			buildSettings = {
				ALWAYS_SEARCH_USER_PATHS = NO;
				CLANG_ANALYZER_NONNULL = YES;
				CLANG_CXX_LANGUAGE_STANDARD = "gnu++0x";
				CLANG_CXX_LIBRARY = "libc++";
				CLANG_ENABLE_MODULES = YES;
				CLANG_ENABLE_OBJC_ARC = YES;
				CLANG_WARN_BOOL_CONVERSION = YES;
				CLANG_WARN_CONSTANT_CONVERSION = YES;
				CLANG_WARN_DIRECT_OBJC_ISA_USAGE = YES_ERROR;
				CLANG_WARN_DOCUMENTATION_COMMENTS = YES;
				CLANG_WARN_EMPTY_BODY = YES;
				CLANG_WARN_ENUM_CONVERSION = YES;
				CLANG_WARN_INFINITE_RECURSION = YES;
				CLANG_WARN_INT_CONVERSION = YES;
				CLANG_WARN_OBJC_ROOT_CLASS = YES_ERROR;
				CLANG_WARN_SUSPICIOUS_MOVES = YES;
				CLANG_WARN_UNREACHABLE_CODE = YES;
				CLANG_WARN__DUPLICATE_METHOD_MATCH = YES;
				CODE_SIGN_IDENTITY = "-";
				COPY_PHASE_STRIP = NO;
				DEBUG_INFORMATION_FORMAT = "dwarf-with-dsym";
				ENABLE_NS_ASSERTIONS = NO;
				ENABLE_STRICT_OBJC_MSGSEND = YES;
				GCC_C_LANGUAGE_STANDARD = gnu99;
				GCC_NO_COMMON_BLOCKS = YES;
				GCC_WARN_64_TO_32_BIT_CONVERSION = YES;
				GCC_WARN_ABOUT_RETURN_TYPE = YES_ERROR;
				GCC_WARN_UNDECLARED_SELECTOR = YES;
				GCC_WARN_UNINITIALIZED_AUTOS = YES_AGGRESSIVE;
				GCC_WARN_UNUSED_FUNCTION = YES;
				GCC_WARN_UNUSED_VARIABLE = YES;
				MACOSX_DEPLOYMENT_TARGET = 10.11;
				MTL_ENABLE_DEBUG_INFO = NO;
				SDKROOT = macosx;
			};
			name = Release;
		};
		BAFEC0931D8998F400A7C995 /* Debug */ = {
			isa = XCBuildConfiguration;
			buildSettings = {
				PRODUCT_NAME = "$(TARGET_NAME)";
			};
			name = Debug;
		};
		BAFEC0941D8998F400A7C995 /* Release */ = {
			isa = XCBuildConfiguration;
			buildSettings = {
				PRODUCT_NAME = "$(TARGET_NAME)";
			};
			name = Release;
		};
/* End XCBuildConfiguration section */

/* Begin XCConfigurationList section */
		BAFEC0861D8998F400A7C995 /* Build configuration list for PBXProject "CodeExamples" */ = {
			isa = XCConfigurationList;
			buildConfigurations = (
				BAFEC0901D8998F400A7C995 /* Debug */,
				BAFEC0911D8998F400A7C995 /* Release */,
			);
			defaultConfigurationIsVisible = 0;
			defaultConfigurationName = Release;
		};
		BAFEC0921D8998F400A7C995 /* Build configuration list for PBXNativeTarget "CodeExamples" */ = {
			isa = XCConfigurationList;
			buildConfigurations = (
				BAFEC0931D8998F400A7C995 /* Debug */,
				BAFEC0941D8998F400A7C995 /* Release */,
			);
			defaultConfigurationIsVisible = 0;
			defaultConfigurationName = Release;
		};
/* End XCConfigurationList section */
	};
	rootObject = BAFEC0831D8998F400A7C995 /* Project object */;
}
